
Microsoft Visual Studio Solution File, Format Version 12.00
# Visual Studio 2012
Project("{FAE04EC0-301F-11D3-BF4B-00C04F79EFBC}") = "TheWall", "TheWall\TheWall.csproj", "{5F356E61-CF7D-42EC-AC8F-3A7A6D166598}"
EndProject
Project("{2150E333-8FDC-42A3-9474-1A3956D46DE8}") = ".nuget", ".nuget", "{E4697FE4-26F7-458E-86F2-263C0D7C3283}"
	ProjectSection(SolutionItems) = preProject
		.nuget\NuGet.Config = .nuget\NuGet.Config
		.nuget\NuGet.exe = .nuget\NuGet.exe
		.nuget\NuGet.targets = .nuget\NuGet.targets
	EndProjectSection
EndProject
Global
	GlobalSection(SolutionConfigurationPlatforms) = preSolution
		Debug|Any CPU = Debug|Any CPU
		Release|Any CPU = Release|Any CPU
	EndGlobalSection
	GlobalSection(ProjectConfigurationPlatforms) = postSolution
		{5F356E61-CF7D-42EC-AC8F-3A7A6D166598}.Debug|Any CPU.ActiveCfg = Debug|Any CPU
		{5F356E61-CF7D-42EC-AC8F-3A7A6D166598}.Debug|Any CPU.Build.0 = Debug|Any CPU
		{5F356E61-CF7D-42EC-AC8F-3A7A6D166598}.Release|Any CPU.ActiveCfg = Release|Any CPU
		{5F356E61-CF7D-42EC-AC8F-3A7A6D166598}.Release|Any CPU.Build.0 = Release|Any CPU
	EndGlobalSection
	GlobalSection(SolutionProperties) = preSolution
		HideSolutionNode = FALSE
	EndGlobalSection
EndGlobal
